// !$*UTF8*$!
{
	archiveVersion = 1;
	classes = {
	};
	objectVersion = 46;
	objects = {

/* Begin PBXBuildFile section */
		DA366E8A1B59A47300088914 /* AppDelegate.swift in Sources */ = {isa = PBXBuildFile; fileRef = DA366E891B59A47300088914 /* AppDelegate.swift */; };
		DA366E8C1B59A47300088914 /* ViewController.swift in Sources */ = {isa = PBXBuildFile; fileRef = DA366E8B1B59A47300088914 /* ViewController.swift */; };
		DA366E8F1B59A47300088914 /* Main.storyboard in Resources */ = {isa = PBXBuildFile; fileRef = DA366E8D1B59A47300088914 /* Main.storyboard */; };
		DA366E911B59A47300088914 /* Assets.xcassets in Resources */ = {isa = PBXBuildFile; fileRef = DA366E901B59A47300088914 /* Assets.xcassets */; };
		DA366E941B59A47300088914 /* LaunchScreen.storyboard in Resources */ = {isa = PBXBuildFile; fileRef = DA366E921B59A47300088914 /* LaunchScreen.storyboard */; };
		DA366E9C1B59A4D800088914 /* HallonScraper.swift in Sources */ = {isa = PBXBuildFile; fileRef = DA366E9B1B59A4D800088914 /* HallonScraper.swift */; };
		DA366E9E1B59A61A00088914 /* CommonExtensions.swift in Sources */ = {isa = PBXBuildFile; fileRef = DA366E9D1B59A61A00088914 /* CommonExtensions.swift */; };
/* End PBXBuildFile section */

/* Begin PBXCopyFilesBuildPhase section */
		DA07F9841B5C25BB0006EBC9 /* Embed Watch Content */ = {
			isa = PBXCopyFilesBuildPhase;
			buildActionMask = 2147483647;
			dstPath = "$(CONTENTS_FOLDER_PATH)/Watch";
			dstSubfolderSpec = 16;
			files = (
			);
			name = "Embed Watch Content";
			runOnlyForDeploymentPostprocessing = 0;
		};
/* End PBXCopyFilesBuildPhase section */

/* Begin PBXFileReference section */
		DA366E861B59A47300088914 /* Hallon.app */ = {isa = PBXFileReference; explicitFileType = wrapper.application; includeInIndex = 0; path = Hallon.app; sourceTree = BUILT_PRODUCTS_DIR; };
		DA366E891B59A47300088914 /* AppDelegate.swift */ = {isa = PBXFileReference; lastKnownFileType = sourcecode.swift; path = AppDelegate.swift; sourceTree = "<group>"; };
		DA366E8B1B59A47300088914 /* ViewController.swift */ = {isa = PBXFileReference; lastKnownFileType = sourcecode.swift; path = ViewController.swift; sourceTree = "<group>"; };
		DA366E8E1B59A47300088914 /* Base */ = {isa = PBXFileReference; lastKnownFileType = file.storyboard; name = Base; path = Base.lproj/Main.storyboard; sourceTree = "<group>"; };
		DA366E901B59A47300088914 /* Assets.xcassets */ = {isa = PBXFileReference; lastKnownFileType = folder.assetcatalog; path = Assets.xcassets; sourceTree = "<group>"; };
		DA366E931B59A47300088914 /* Base */ = {isa = PBXFileReference; lastKnownFileType = file.storyboard; name = Base; path = Base.lproj/LaunchScreen.storyboard; sourceTree = "<group>"; };
		DA366E951B59A47300088914 /* Info.plist */ = {isa = PBXFileReference; lastKnownFileType = text.plist.xml; path = Info.plist; sourceTree = "<group>"; };
		DA366E9B1B59A4D800088914 /* HallonScraper.swift */ = {isa = PBXFileReference; fileEncoding = 4; lastKnownFileType = sourcecode.swift; path = HallonScraper.swift; sourceTree = "<group>"; };
		DA366E9D1B59A61A00088914 /* CommonExtensions.swift */ = {isa = PBXFileReference; fileEncoding = 4; lastKnownFileType = sourcecode.swift; path = CommonExtensions.swift; sourceTree = "<group>"; };
/* End PBXFileReference section */

/* Begin PBXFrameworksBuildPhase section */
		DA366E831B59A47300088914 /* Frameworks */ = {
			isa = PBXFrameworksBuildPhase;
			buildActionMask = 2147483647;
			files = (
			);
			runOnlyForDeploymentPostprocessing = 0;
		};
/* End PBXFrameworksBuildPhase section */

/* Begin PBXGroup section */
		DA366E7D1B59A47300088914 = {
			isa = PBXGroup;
			children = (
				DA366E881B59A47300088914 /* Hallon */,
				DA366E871B59A47300088914 /* Products */,
			);
			sourceTree = "<group>";
		};
		DA366E871B59A47300088914 /* Products */ = {
			isa = PBXGroup;
			children = (
				DA366E861B59A47300088914 /* Hallon.app */,
			);
			name = Products;
			sourceTree = "<group>";
		};
		DA366E881B59A47300088914 /* Hallon */ = {
			isa = PBXGroup;
			children = (
				DA366E891B59A47300088914 /* AppDelegate.swift */,
				DA366E8B1B59A47300088914 /* ViewController.swift */,
				DA366E8D1B59A47300088914 /* Main.storyboard */,
				DA366E901B59A47300088914 /* Assets.xcassets */,
				DA366E921B59A47300088914 /* LaunchScreen.storyboard */,
				DA366E951B59A47300088914 /* Info.plist */,
				DA366E9B1B59A4D800088914 /* HallonScraper.swift */,
				DA366E9D1B59A61A00088914 /* CommonExtensions.swift */,
			);
			path = Hallon;
			sourceTree = "<group>";
		};
/* End PBXGroup section */

/* Begin PBXNativeTarget section */
		DA366E851B59A47300088914 /* Hallon */ = {
			isa = PBXNativeTarget;
			buildConfigurationList = DA366E981B59A47300088914 /* Build configuration list for PBXNativeTarget "Hallon" */;
			buildPhases = (
				DA366E821B59A47300088914 /* Sources */,
				DA366E831B59A47300088914 /* Frameworks */,
				DA366E841B59A47300088914 /* Resources */,
				DA07F9841B5C25BB0006EBC9 /* Embed Watch Content */,
			);
			buildRules = (
			);
			dependencies = (
			);
			name = Hallon;
			productName = Hallon;
			productReference = DA366E861B59A47300088914 /* Hallon.app */;
			productType = "com.apple.product-type.application";
		};
/* End PBXNativeTarget section */

/* Begin PBXProject section */
		DA366E7E1B59A47300088914 /* Project object */ = {
			isa = PBXProject;
			attributes = {
				LastUpgradeCheck = 0700;
				ORGANIZATIONNAME = "Monafide AB";
				TargetAttributes = {
					DA366E851B59A47300088914 = {
						CreatedOnToolsVersion = 7.0;
					};
				};
			};
			buildConfigurationList = DA366E811B59A47300088914 /* Build configuration list for PBXProject "Hallon" */;
			compatibilityVersion = "Xcode 3.2";
			developmentRegion = English;
			hasScannedForEncodings = 0;
			knownRegions = (
				en,
				Base,
			);
			mainGroup = DA366E7D1B59A47300088914;
			productRefGroup = DA366E871B59A47300088914 /* Products */;
			projectDirPath = "";
			projectRoot = "";
			targets = (
				DA366E851B59A47300088914 /* Hallon */,
			);
		};
/* End PBXProject section */

/* Begin PBXResourcesBuildPhase section */
		DA366E841B59A47300088914 /* Resources */ = {
			isa = PBXResourcesBuildPhase;
			buildActionMask = 2147483647;
			files = (
				DA366E941B59A47300088914 /* LaunchScreen.storyboard in Resources */,
				DA366E911B59A47300088914 /* Assets.xcassets in Resources */,
				DA366E8F1B59A47300088914 /* Main.storyboard in Resources */,
			);
			runOnlyForDeploymentPostprocessing = 0;
		};
/* End PBXResourcesBuildPhase section */

/* Begin PBXSourcesBuildPhase section */
		DA366E821B59A47300088914 /* Sources */ = {
			isa = PBXSourcesBuildPhase;
			buildActionMask = 2147483647;
			files = (
				DA366E8C1B59A47300088914 /* ViewController.swift in Sources */,
				DA366E9C1B59A4D800088914 /* HallonScraper.swift in Sources */,
				DA366E9E1B59A61A00088914 /* CommonExtensions.swift in Sources */,
				DA366E8A1B59A47300088914 /* AppDelegate.swift in Sources */,
			);
			runOnlyForDeploymentPostprocessing = 0;
		};
/* End PBXSourcesBuildPhase section */

/* Begin PBXVariantGroup section */
		DA366E8D1B59A47300088914 /* Main.storyboard */ = {
			isa = PBXVariantGroup;
			children = (
				DA366E8E1B59A47300088914 /* Base */,
			);
			name = Main.storyboard;
			sourceTree = "<group>";
		};
		DA366E921B59A47300088914 /* LaunchScreen.storyboard */ = {
			isa = PBXVariantGroup;
			children = (
				DA366E931B59A47300088914 /* Base */,
			);
			name = LaunchScreen.storyboard;
			sourceTree = "<group>";
		};
/* End PBXVariantGroup section */

/* Begin XCBuildConfiguration section */
		DA366E961B59A47300088914 /* Debug */ = {
			isa = XCBuildConfiguration;
			buildSettings = {
				ALWAYS_SEARCH_USER_PATHS = NO;
				CLANG_CXX_LANGUAGE_STANDARD = "gnu++0x";
				CLANG_CXX_LIBRARY = "libc++";
				CLANG_ENABLE_MODULES = YES;
				CLANG_ENABLE_OBJC_ARC = YES;
				CLANG_WARN_BOOL_CONVERSION = YES;
				CLANG_WARN_CONSTANT_CONVERSION = YES;
				CLANG_WARN_DIRECT_OBJC_ISA_USAGE = YES_ERROR;
				CLANG_WARN_EMPTY_BODY = YES;
				CLANG_WARN_ENUM_CONVERSION = YES;
				CLANG_WARN_INT_CONVERSION = YES;
				CLANG_WARN_OBJC_ROOT_CLASS = YES_ERROR;
				CLANG_WARN_UNREACHABLE_CODE = YES;
				CLANG_WARN__DUPLICATE_METHOD_MATCH = YES;
				"CODE_SIGN_IDENTITY[sdk=iphoneos*]" = "iPhone Developer";
				COPY_PHASE_STRIP = NO;
				DEBUG_INFORMATION_FORMAT = dwarf;
				ENABLE_STRICT_OBJC_MSGSEND = YES;
				ENABLE_TESTABILITY = YES;
				GCC_C_LANGUAGE_STANDARD = gnu99;
				GCC_DYNAMIC_NO_PIC = NO;
				GCC_NO_COMMON_BLOCKS = YES;
				GCC_OPTIMIZATION_LEVEL = 0;
				GCC_PREPROCESSOR_DEFINITIONS = (
					"DEBUG=1",
					"$(inherited)",
				);
				GCC_WARN_64_TO_32_BIT_CONVERSION = YES;
				GCC_WARN_ABOUT_RETURN_TYPE = YES_ERROR;
				GCC_WARN_UNDECLARED_SELECTOR = YES;
				GCC_WARN_UNINITIALIZED_AUTOS = YES_AGGRESSIVE;
				GCC_WARN_UNUSED_FUNCTION = YES;
				GCC_WARN_UNUSED_VARIABLE = YES;
				IPHONEOS_DEPLOYMENT_TARGET = 9.0;
				MTL_ENABLE_DEBUG_INFO = YES;
				ONLY_ACTIVE_ARCH = YES;
				SDKROOT = iphoneos;
				SWIFT_OPTIMIZATION_LEVEL = "-Onone";
				TARGETED_DEVICE_FAMILY = "1,2";
			};
			name = Debug;
		};
		DA366E971B59A47300088914 /* Release */ = {
			isa = XCBuildConfiguration;
			buildSettings = {
				ALWAYS_SEARCH_USER_PATHS = NO;
				CLANG_CXX_LANGUAGE_STANDARD = "gnu++0x";
				CLANG_CXX_LIBRARY = "libc++";
				CLANG_ENABLE_MODULES = YES;
				CLANG_ENABLE_OBJC_ARC = YES;
				CLANG_WARN_BOOL_CONVERSION = YES;
				CLANG_WARN_CONSTANT_CONVERSION = YES;
				CLANG_WARN_DIRECT_OBJC_ISA_USAGE = YES_ERROR;
				CLANG_WARN_EMPTY_BODY = YES;
				CLANG_WARN_ENUM_CONVERSION = YES;
				CLANG_WARN_INT_CONVERSION = YES;
				CLANG_WARN_OBJC_ROOT_CLASS = YES_ERROR;
				CLANG_WARN_UNREACHABLE_CODE = YES;
				CLANG_WARN__DUPLICATE_METHOD_MATCH = YES;
				"CODE_SIGN_IDENTITY[sdk=iphoneos*]" = "iPhone Developer";
				COPY_PHASE_STRIP = NO;
				DEBUG_INFORMATION_FORMAT = "dwarf-with-dsym";
				ENABLE_NS_ASSERTIONS = NO;
				ENABLE_STRICT_OBJC_MSGSEND = YES;
				GCC_C_LANGUAGE_STANDARD = gnu99;
				GCC_NO_COMMON_BLOCKS = YES;
				GCC_WARN_64_TO_32_BIT_CONVERSION = YES;
				GCC_WARN_ABOUT_RETURN_TYPE = YES_ERROR;
				GCC_WARN_UNDECLARED_SELECTOR = YES;
				GCC_WARN_UNINITIALIZED_AUTOS = YES_AGGRESSIVE;
				GCC_WARN_UNUSED_FUNCTION = YES;
				GCC_WARN_UNUSED_VARIABLE = YES;
				IPHONEOS_DEPLOYMENT_TARGET = 9.0;
				MTL_ENABLE_DEBUG_INFO = NO;
				SDKROOT = iphoneos;
				TARGETED_DEVICE_FAMILY = "1,2";
				VALIDATE_PRODUCT = YES;
			};
			name = Release;
		};
		DA366E991B59A47300088914 /* Debug */ = {
			isa = XCBuildConfiguration;
			buildSettings = {
				ASSETCATALOG_COMPILER_APPICON_NAME = AppIcon;
				INFOPLIST_FILE = Hallon/Info.plist;
				IPHONEOS_DEPLOYMENT_TARGET = 8.4;
				LD_RUNPATH_SEARCH_PATHS = "$(inherited) @executable_path/Frameworks";
				PRODUCT_BUNDLE_IDENTIFIER = Monafide.Hallon;
				PRODUCT_NAME = "$(TARGET_NAME)";
			};
			name = Debug;
		};
		DA366E9A1B59A47300088914 /* Release */ = {
			isa = XCBuildConfiguration;
			buildSettings = {
				ASSETCATALOG_COMPILER_APPICON_NAME = AppIcon;
				INFOPLIST_FILE = Hallon/Info.plist;
				IPHONEOS_DEPLOYMENT_TARGET = 8.4;
				LD_RUNPATH_SEARCH_PATHS = "$(inherited) @executable_path/Frameworks";
				PRODUCT_BUNDLE_IDENTIFIER = Monafide.Hallon;
				PRODUCT_NAME = "$(TARGET_NAME)";
			};
			name = Release;
		};
/* End XCBuildConfiguration section */

/* Begin XCConfigurationList section */
		DA366E811B59A47300088914 /* Build configuration list for PBXProject "Hallon" */ = {
			isa = XCConfigurationList;
			buildConfigurations = (
				DA366E961B59A47300088914 /* Debug */,
				DA366E971B59A47300088914 /* Release */,
			);
			defaultConfigurationIsVisible = 0;
			defaultConfigurationName = Release;
		};
		DA366E981B59A47300088914 /* Build configuration list for PBXNativeTarget "Hallon" */ = {
			isa = XCConfigurationList;
			buildConfigurations = (
				DA366E991B59A47300088914 /* Debug */,
				DA366E9A1B59A47300088914 /* Release */,
			);
			defaultConfigurationIsVisible = 0;
			defaultConfigurationName = Release;
		};
/* End XCConfigurationList section */
	};
	rootObject = DA366E7E1B59A47300088914 /* Project object */;
}
